// !$*UTF8*$!
{
	archiveVersion = 1;
	classes = {
	};
	objectVersion = 50;
	objects = {

/* Begin PBXBuildFile section */
		A21DB442235638F0006120FF /* AppDelegate.swift in Sources */ = {isa = PBXBuildFile; fileRef = A21DB441235638F0006120FF /* AppDelegate.swift */; };
		A21DB444235638F0006120FF /* SceneDelegate.swift in Sources */ = {isa = PBXBuildFile; fileRef = A21DB443235638F0006120FF /* SceneDelegate.swift */; };
		A21DB446235638F0006120FF /* ViewController.swift in Sources */ = {isa = PBXBuildFile; fileRef = A21DB445235638F0006120FF /* ViewController.swift */; };
		A21DB449235638F0006120FF /* First.storyboard in Resources */ = {isa = PBXBuildFile; fileRef = A21DB447235638F0006120FF /* First.storyboard */; };
		A21DB44B235638F3006120FF /* Assets.xcassets in Resources */ = {isa = PBXBuildFile; fileRef = A21DB44A235638F3006120FF /* Assets.xcassets */; };
		A21DB44E235638F3006120FF /* LaunchScreen.storyboard in Resources */ = {isa = PBXBuildFile; fileRef = A21DB44C235638F3006120FF /* LaunchScreen.storyboard */; };
		A21DB459235638F3006120FF /* GameAppQuestionMarkTests.swift in Sources */ = {isa = PBXBuildFile; fileRef = A21DB458235638F3006120FF /* GameAppQuestionMarkTests.swift */; };
		A21DB464235638F3006120FF /* GameAppQuestionMarkUITests.swift in Sources */ = {isa = PBXBuildFile; fileRef = A21DB463235638F3006120FF /* GameAppQuestionMarkUITests.swift */; };
		A237AA52235C385900D7BC43 /* ThirdOnboardViewController.swift in Sources */ = {isa = PBXBuildFile; fileRef = A237AA51235C385900D7BC43 /* ThirdOnboardViewController.swift */; };
		A278B24223563AC7004FBE5C /* Main.storyboard in Resources */ = {isa = PBXBuildFile; fileRef = A278B24123563AC7004FBE5C /* Main.storyboard */; };
		A28A989D235BE8410078F08A /* SecondOnboardScrollViewController.swift in Sources */ = {isa = PBXBuildFile; fileRef = A28A989C235BE8410078F08A /* SecondOnboardScrollViewController.swift */; };
		A29110BF235BC78C00773023 /* Dehuti-Bold.otf in Resources */ = {isa = PBXBuildFile; fileRef = A29110BE235BC78400773023 /* Dehuti-Bold.otf */; };
		A29110C1235BCA3F00773023 /* FirstOnboardViewController.swift in Sources */ = {isa = PBXBuildFile; fileRef = A29110C0235BCA3F00773023 /* FirstOnboardViewController.swift */; };
		A29110C4235BCBCC00773023 /* Colors.swift in Sources */ = {isa = PBXBuildFile; fileRef = A29110C3235BCBCC00773023 /* Colors.swift */; };
/* End PBXBuildFile section */

/* Begin PBXContainerItemProxy section */
		A21DB455235638F3006120FF /* PBXContainerItemProxy */ = {
			isa = PBXContainerItemProxy;
			containerPortal = A21DB436235638F0006120FF /* Project object */;
			proxyType = 1;
			remoteGlobalIDString = A21DB43D235638F0006120FF;
			remoteInfo = GameAppQuestionMark;
		};
		A21DB460235638F3006120FF /* PBXContainerItemProxy */ = {
			isa = PBXContainerItemProxy;
			containerPortal = A21DB436235638F0006120FF /* Project object */;
			proxyType = 1;
			remoteGlobalIDString = A21DB43D235638F0006120FF;
			remoteInfo = GameAppQuestionMark;
		};
/* End PBXContainerItemProxy section */

/* Begin PBXFileReference section */
		A21DB43E235638F0006120FF /* GameAppQuestionMark.app */ = {isa = PBXFileReference; explicitFileType = wrapper.application; includeInIndex = 0; path = GameAppQuestionMark.app; sourceTree = BUILT_PRODUCTS_DIR; };
		A21DB441235638F0006120FF /* AppDelegate.swift */ = {isa = PBXFileReference; lastKnownFileType = sourcecode.swift; path = AppDelegate.swift; sourceTree = "<group>"; };
		A21DB443235638F0006120FF /* SceneDelegate.swift */ = {isa = PBXFileReference; lastKnownFileType = sourcecode.swift; path = SceneDelegate.swift; sourceTree = "<group>"; };
		A21DB445235638F0006120FF /* ViewController.swift */ = {isa = PBXFileReference; lastKnownFileType = sourcecode.swift; path = ViewController.swift; sourceTree = "<group>"; };
		A21DB448235638F0006120FF /* Base */ = {isa = PBXFileReference; lastKnownFileType = file.storyboard; name = Base; path = Base.lproj/First.storyboard; sourceTree = "<group>"; };
		A21DB44A235638F3006120FF /* Assets.xcassets */ = {isa = PBXFileReference; lastKnownFileType = folder.assetcatalog; path = Assets.xcassets; sourceTree = "<group>"; };
		A21DB44D235638F3006120FF /* Base */ = {isa = PBXFileReference; lastKnownFileType = file.storyboard; name = Base; path = Base.lproj/LaunchScreen.storyboard; sourceTree = "<group>"; };
		A21DB44F235638F3006120FF /* Info.plist */ = {isa = PBXFileReference; lastKnownFileType = text.plist.xml; path = Info.plist; sourceTree = "<group>"; };
		A21DB454235638F3006120FF /* GameAppQuestionMarkTests.xctest */ = {isa = PBXFileReference; explicitFileType = wrapper.cfbundle; includeInIndex = 0; path = GameAppQuestionMarkTests.xctest; sourceTree = BUILT_PRODUCTS_DIR; };
		A21DB458235638F3006120FF /* GameAppQuestionMarkTests.swift */ = {isa = PBXFileReference; lastKnownFileType = sourcecode.swift; path = GameAppQuestionMarkTests.swift; sourceTree = "<group>"; };
		A21DB45A235638F3006120FF /* Info.plist */ = {isa = PBXFileReference; lastKnownFileType = text.plist.xml; path = Info.plist; sourceTree = "<group>"; };
		A21DB45F235638F3006120FF /* GameAppQuestionMarkUITests.xctest */ = {isa = PBXFileReference; explicitFileType = wrapper.cfbundle; includeInIndex = 0; path = GameAppQuestionMarkUITests.xctest; sourceTree = BUILT_PRODUCTS_DIR; };
		A21DB463235638F3006120FF /* GameAppQuestionMarkUITests.swift */ = {isa = PBXFileReference; lastKnownFileType = sourcecode.swift; path = GameAppQuestionMarkUITests.swift; sourceTree = "<group>"; };
		A21DB465235638F3006120FF /* Info.plist */ = {isa = PBXFileReference; lastKnownFileType = text.plist.xml; path = Info.plist; sourceTree = "<group>"; };
		A237AA51235C385900D7BC43 /* ThirdOnboardViewController.swift */ = {isa = PBXFileReference; lastKnownFileType = sourcecode.swift; path = ThirdOnboardViewController.swift; sourceTree = "<group>"; };
		A278B24123563AC7004FBE5C /* Main.storyboard */ = {isa = PBXFileReference; lastKnownFileType = file.storyboard; path = Main.storyboard; sourceTree = "<group>"; };
		A28A989C235BE8410078F08A /* SecondOnboardScrollViewController.swift */ = {isa = PBXFileReference; lastKnownFileType = sourcecode.swift; path = SecondOnboardScrollViewController.swift; sourceTree = "<group>"; };
		A29110BE235BC78400773023 /* Dehuti-Bold.otf */ = {isa = PBXFileReference; lastKnownFileType = file; path = "Dehuti-Bold.otf"; sourceTree = "<group>"; };
		A29110C0235BCA3F00773023 /* FirstOnboardViewController.swift */ = {isa = PBXFileReference; lastKnownFileType = sourcecode.swift; path = FirstOnboardViewController.swift; sourceTree = "<group>"; };
		A29110C3235BCBCC00773023 /* Colors.swift */ = {isa = PBXFileReference; lastKnownFileType = sourcecode.swift; path = Colors.swift; sourceTree = "<group>"; };
/* End PBXFileReference section */

/* Begin PBXFrameworksBuildPhase section */
		A21DB43B235638F0006120FF /* Frameworks */ = {
			isa = PBXFrameworksBuildPhase;
			buildActionMask = 2147483647;
			files = (
			);
			runOnlyForDeploymentPostprocessing = 0;
		};
		A21DB451235638F3006120FF /* Frameworks */ = {
			isa = PBXFrameworksBuildPhase;
			buildActionMask = 2147483647;
			files = (
			);
			runOnlyForDeploymentPostprocessing = 0;
		};
		A21DB45C235638F3006120FF /* Frameworks */ = {
			isa = PBXFrameworksBuildPhase;
			buildActionMask = 2147483647;
			files = (
			);
			runOnlyForDeploymentPostprocessing = 0;
		};
/* End PBXFrameworksBuildPhase section */

/* Begin PBXGroup section */
		A21DB435235638F0006120FF = {
			isa = PBXGroup;
			children = (
				A21DB440235638F0006120FF /* GameAppQuestionMark */,
				A21DB457235638F3006120FF /* GameAppQuestionMarkTests */,
				A21DB462235638F3006120FF /* GameAppQuestionMarkUITests */,
				A21DB43F235638F0006120FF /* Products */,
			);
			sourceTree = "<group>";
		};
		A21DB43F235638F0006120FF /* Products */ = {
			isa = PBXGroup;
			children = (
				A21DB43E235638F0006120FF /* GameAppQuestionMark.app */,
				A21DB454235638F3006120FF /* GameAppQuestionMarkTests.xctest */,
				A21DB45F235638F3006120FF /* GameAppQuestionMarkUITests.xctest */,
			);
			name = Products;
			sourceTree = "<group>";
		};
		A21DB440235638F0006120FF /* GameAppQuestionMark */ = {
			isa = PBXGroup;
			children = (
				A21DB441235638F0006120FF /* AppDelegate.swift */,
				A21DB443235638F0006120FF /* SceneDelegate.swift */,
				A21DB445235638F0006120FF /* ViewController.swift */,
				A21DB447235638F0006120FF /* First.storyboard */,
				A278B24123563AC7004FBE5C /* Main.storyboard */,
				A21DB44A235638F3006120FF /* Assets.xcassets */,
				A29110BE235BC78400773023 /* Dehuti-Bold.otf */,
				A21DB44C235638F3006120FF /* LaunchScreen.storyboard */,
				A21DB44F235638F3006120FF /* Info.plist */,
				A28A98A0235BE94E0078F08A /* View */,
				A29110C2235BCA4700773023 /* View Controllers */,
				A29110C3235BCBCC00773023 /* Colors.swift */,
			);
			path = GameAppQuestionMark;
			sourceTree = "<group>";
		};
		A21DB457235638F3006120FF /* GameAppQuestionMarkTests */ = {
			isa = PBXGroup;
			children = (
				A21DB458235638F3006120FF /* GameAppQuestionMarkTests.swift */,
				A21DB45A235638F3006120FF /* Info.plist */,
			);
			path = GameAppQuestionMarkTests;
			sourceTree = "<group>";
		};
		A21DB462235638F3006120FF /* GameAppQuestionMarkUITests */ = {
			isa = PBXGroup;
			children = (
				A21DB463235638F3006120FF /* GameAppQuestionMarkUITests.swift */,
				A21DB465235638F3006120FF /* Info.plist */,
			);
			path = GameAppQuestionMarkUITests;
			sourceTree = "<group>";
		};
		A28A98A0235BE94E0078F08A /* View */ = {
			isa = PBXGroup;
			children = (
			);
			path = View;
			sourceTree = "<group>";
		};
		A29110C2235BCA4700773023 /* View Controllers */ = {
			isa = PBXGroup;
			children = (
				A29110C0235BCA3F00773023 /* FirstOnboardViewController.swift */,
				A28A989C235BE8410078F08A /* SecondOnboardScrollViewController.swift */,
				A237AA51235C385900D7BC43 /* ThirdOnboardViewController.swift */,
			);
			path = "View Controllers";
			sourceTree = "<group>";
		};
/* End PBXGroup section */

/* Begin PBXNativeTarget section */
		A21DB43D235638F0006120FF /* GameAppQuestionMark */ = {
			isa = PBXNativeTarget;
			buildConfigurationList = A21DB468235638F3006120FF /* Build configuration list for PBXNativeTarget "GameAppQuestionMark" */;
			buildPhases = (
				A21DB43A235638F0006120FF /* Sources */,
				A21DB43B235638F0006120FF /* Frameworks */,
				A21DB43C235638F0006120FF /* Resources */,
			);
			buildRules = (
			);
			dependencies = (
			);
			name = GameAppQuestionMark;
			productName = GameAppQuestionMark;
			productReference = A21DB43E235638F0006120FF /* GameAppQuestionMark.app */;
			productType = "com.apple.product-type.application";
		};
		A21DB453235638F3006120FF /* GameAppQuestionMarkTests */ = {
			isa = PBXNativeTarget;
			buildConfigurationList = A21DB46B235638F3006120FF /* Build configuration list for PBXNativeTarget "GameAppQuestionMarkTests" */;
			buildPhases = (
				A21DB450235638F3006120FF /* Sources */,
				A21DB451235638F3006120FF /* Frameworks */,
				A21DB452235638F3006120FF /* Resources */,
			);
			buildRules = (
			);
			dependencies = (
				A21DB456235638F3006120FF /* PBXTargetDependency */,
			);
			name = GameAppQuestionMarkTests;
			productName = GameAppQuestionMarkTests;
			productReference = A21DB454235638F3006120FF /* GameAppQuestionMarkTests.xctest */;
			productType = "com.apple.product-type.bundle.unit-test";
		};
		A21DB45E235638F3006120FF /* GameAppQuestionMarkUITests */ = {
			isa = PBXNativeTarget;
			buildConfigurationList = A21DB46E235638F3006120FF /* Build configuration list for PBXNativeTarget "GameAppQuestionMarkUITests" */;
			buildPhases = (
				A21DB45B235638F3006120FF /* Sources */,
				A21DB45C235638F3006120FF /* Frameworks */,
				A21DB45D235638F3006120FF /* Resources */,
			);
			buildRules = (
			);
			dependencies = (
				A21DB461235638F3006120FF /* PBXTargetDependency */,
			);
			name = GameAppQuestionMarkUITests;
			productName = GameAppQuestionMarkUITests;
			productReference = A21DB45F235638F3006120FF /* GameAppQuestionMarkUITests.xctest */;
			productType = "com.apple.product-type.bundle.ui-testing";
		};
/* End PBXNativeTarget section */

/* Begin PBXProject section */
		A21DB436235638F0006120FF /* Project object */ = {
			isa = PBXProject;
			attributes = {
				LastSwiftUpdateCheck = 1100;
				LastUpgradeCheck = 1100;
				ORGANIZATIONNAME = "Alex Shillingford";
				TargetAttributes = {
					A21DB43D235638F0006120FF = {
						CreatedOnToolsVersion = 11.0;
					};
					A21DB453235638F3006120FF = {
						CreatedOnToolsVersion = 11.0;
						TestTargetID = A21DB43D235638F0006120FF;
					};
					A21DB45E235638F3006120FF = {
						CreatedOnToolsVersion = 11.0;
						TestTargetID = A21DB43D235638F0006120FF;
					};
				};
			};
			buildConfigurationList = A21DB439235638F0006120FF /* Build configuration list for PBXProject "GameAppQuestionMark" */;
			compatibilityVersion = "Xcode 9.3";
			developmentRegion = en;
			hasScannedForEncodings = 0;
			knownRegions = (
				en,
				Base,
			);
			mainGroup = A21DB435235638F0006120FF;
			productRefGroup = A21DB43F235638F0006120FF /* Products */;
			projectDirPath = "";
			projectRoot = "";
			targets = (
				A21DB43D235638F0006120FF /* GameAppQuestionMark */,
				A21DB453235638F3006120FF /* GameAppQuestionMarkTests */,
				A21DB45E235638F3006120FF /* GameAppQuestionMarkUITests */,
			);
		};
/* End PBXProject section */

/* Begin PBXResourcesBuildPhase section */
		A21DB43C235638F0006120FF /* Resources */ = {
			isa = PBXResourcesBuildPhase;
			buildActionMask = 2147483647;
			files = (
				A21DB44E235638F3006120FF /* LaunchScreen.storyboard in Resources */,
				A278B24223563AC7004FBE5C /* Main.storyboard in Resources */,
				A29110BF235BC78C00773023 /* Dehuti-Bold.otf in Resources */,
				A21DB44B235638F3006120FF /* Assets.xcassets in Resources */,
				A21DB449235638F0006120FF /* First.storyboard in Resources */,
			);
			runOnlyForDeploymentPostprocessing = 0;
		};
		A21DB452235638F3006120FF /* Resources */ = {
			isa = PBXResourcesBuildPhase;
			buildActionMask = 2147483647;
			files = (
			);
			runOnlyForDeploymentPostprocessing = 0;
		};
		A21DB45D235638F3006120FF /* Resources */ = {
			isa = PBXResourcesBuildPhase;
			buildActionMask = 2147483647;
			files = (
			);
			runOnlyForDeploymentPostprocessing = 0;
		};
/* End PBXResourcesBuildPhase section */

/* Begin PBXSourcesBuildPhase section */
		A21DB43A235638F0006120FF /* Sources */ = {
			isa = PBXSourcesBuildPhase;
			buildActionMask = 2147483647;
			files = (
				A21DB446235638F0006120FF /* ViewController.swift in Sources */,
				A237AA52235C385900D7BC43 /* ThirdOnboardViewController.swift in Sources */,
				A28A989D235BE8410078F08A /* SecondOnboardScrollViewController.swift in Sources */,
				A29110C4235BCBCC00773023 /* Colors.swift in Sources */,
				A21DB442235638F0006120FF /* AppDelegate.swift in Sources */,
				A29110C1235BCA3F00773023 /* FirstOnboardViewController.swift in Sources */,
				A21DB444235638F0006120FF /* SceneDelegate.swift in Sources */,
			);
			runOnlyForDeploymentPostprocessing = 0;
		};
		A21DB450235638F3006120FF /* Sources */ = {
			isa = PBXSourcesBuildPhase;
			buildActionMask = 2147483647;
			files = (
				A21DB459235638F3006120FF /* GameAppQuestionMarkTests.swift in Sources */,
			);
			runOnlyForDeploymentPostprocessing = 0;
		};
		A21DB45B235638F3006120FF /* Sources */ = {
			isa = PBXSourcesBuildPhase;
			buildActionMask = 2147483647;
			files = (
				A21DB464235638F3006120FF /* GameAppQuestionMarkUITests.swift in Sources */,
			);
			runOnlyForDeploymentPostprocessing = 0;
		};
/* End PBXSourcesBuildPhase section */

/* Begin PBXTargetDependency section */
		A21DB456235638F3006120FF /* PBXTargetDependency */ = {
			isa = PBXTargetDependency;
			target = A21DB43D235638F0006120FF /* GameAppQuestionMark */;
			targetProxy = A21DB455235638F3006120FF /* PBXContainerItemProxy */;
		};
		A21DB461235638F3006120FF /* PBXTargetDependency */ = {
			isa = PBXTargetDependency;
			target = A21DB43D235638F0006120FF /* GameAppQuestionMark */;
			targetProxy = A21DB460235638F3006120FF /* PBXContainerItemProxy */;
		};
/* End PBXTargetDependency section */

/* Begin PBXVariantGroup section */
		A21DB447235638F0006120FF /* First.storyboard */ = {
			isa = PBXVariantGroup;
			children = (
				A21DB448235638F0006120FF /* Base */,
			);
			name = First.storyboard;
			sourceTree = "<group>";
		};
		A21DB44C235638F3006120FF /* LaunchScreen.storyboard */ = {
			isa = PBXVariantGroup;
			children = (
				A21DB44D235638F3006120FF /* Base */,
			);
			name = LaunchScreen.storyboard;
			sourceTree = "<group>";
		};
/* End PBXVariantGroup section */

/* Begin XCBuildConfiguration section */
		A21DB466235638F3006120FF /* Debug */ = {
			isa = XCBuildConfiguration;
			buildSettings = {
				ALWAYS_SEARCH_USER_PATHS = NO;
				CLANG_ANALYZER_NONNULL = YES;
				CLANG_ANALYZER_NUMBER_OBJECT_CONVERSION = YES_AGGRESSIVE;
				CLANG_CXX_LANGUAGE_STANDARD = "gnu++14";
				CLANG_CXX_LIBRARY = "libc++";
				CLANG_ENABLE_MODULES = YES;
				CLANG_ENABLE_OBJC_ARC = YES;
				CLANG_ENABLE_OBJC_WEAK = YES;
				CLANG_WARN_BLOCK_CAPTURE_AUTORELEASING = YES;
				CLANG_WARN_BOOL_CONVERSION = YES;
				CLANG_WARN_COMMA = YES;
				CLANG_WARN_CONSTANT_CONVERSION = YES;
				CLANG_WARN_DEPRECATED_OBJC_IMPLEMENTATIONS = YES;
				CLANG_WARN_DIRECT_OBJC_ISA_USAGE = YES_ERROR;
				CLANG_WARN_DOCUMENTATION_COMMENTS = YES;
				CLANG_WARN_EMPTY_BODY = YES;
				CLANG_WARN_ENUM_CONVERSION = YES;
				CLANG_WARN_INFINITE_RECURSION = YES;
				CLANG_WARN_INT_CONVERSION = YES;
				CLANG_WARN_NON_LITERAL_NULL_CONVERSION = YES;
				CLANG_WARN_OBJC_IMPLICIT_RETAIN_SELF = YES;
				CLANG_WARN_OBJC_LITERAL_CONVERSION = YES;
				CLANG_WARN_OBJC_ROOT_CLASS = YES_ERROR;
				CLANG_WARN_RANGE_LOOP_ANALYSIS = YES;
				CLANG_WARN_STRICT_PROTOTYPES = YES;
				CLANG_WARN_SUSPICIOUS_MOVE = YES;
				CLANG_WARN_UNGUARDED_AVAILABILITY = YES_AGGRESSIVE;
				CLANG_WARN_UNREACHABLE_CODE = YES;
				CLANG_WARN__DUPLICATE_METHOD_MATCH = YES;
				COPY_PHASE_STRIP = NO;
				DEBUG_INFORMATION_FORMAT = dwarf;
				ENABLE_STRICT_OBJC_MSGSEND = YES;
				ENABLE_TESTABILITY = YES;
				GCC_C_LANGUAGE_STANDARD = gnu11;
				GCC_DYNAMIC_NO_PIC = NO;
				GCC_NO_COMMON_BLOCKS = YES;
				GCC_OPTIMIZATION_LEVEL = 0;
				GCC_PREPROCESSOR_DEFINITIONS = (
					"DEBUG=1",
					"$(inherited)",
				);
				GCC_WARN_64_TO_32_BIT_CONVERSION = YES;
				GCC_WARN_ABOUT_RETURN_TYPE = YES_ERROR;
				GCC_WARN_UNDECLARED_SELECTOR = YES;
				GCC_WARN_UNINITIALIZED_AUTOS = YES_AGGRESSIVE;
				GCC_WARN_UNUSED_FUNCTION = YES;
				GCC_WARN_UNUSED_VARIABLE = YES;
				IPHONEOS_DEPLOYMENT_TARGET = 13.0;
				MTL_ENABLE_DEBUG_INFO = INCLUDE_SOURCE;
				MTL_FAST_MATH = YES;
				ONLY_ACTIVE_ARCH = YES;
				SDKROOT = iphoneos;
				SWIFT_ACTIVE_COMPILATION_CONDITIONS = DEBUG;
				SWIFT_OPTIMIZATION_LEVEL = "-Onone";
			};
			name = Debug;
		};
		A21DB467235638F3006120FF /* Release */ = {
			isa = XCBuildConfiguration;
			buildSettings = {
				ALWAYS_SEARCH_USER_PATHS = NO;
				CLANG_ANALYZER_NONNULL = YES;
				CLANG_ANALYZER_NUMBER_OBJECT_CONVERSION = YES_AGGRESSIVE;
				CLANG_CXX_LANGUAGE_STANDARD = "gnu++14";
				CLANG_CXX_LIBRARY = "libc++";
				CLANG_ENABLE_MODULES = YES;
				CLANG_ENABLE_OBJC_ARC = YES;
				CLANG_ENABLE_OBJC_WEAK = YES;
				CLANG_WARN_BLOCK_CAPTURE_AUTORELEASING = YES;
				CLANG_WARN_BOOL_CONVERSION = YES;
				CLANG_WARN_COMMA = YES;
				CLANG_WARN_CONSTANT_CONVERSION = YES;
				CLANG_WARN_DEPRECATED_OBJC_IMPLEMENTATIONS = YES;
				CLANG_WARN_DIRECT_OBJC_ISA_USAGE = YES_ERROR;
				CLANG_WARN_DOCUMENTATION_COMMENTS = YES;
				CLANG_WARN_EMPTY_BODY = YES;
				CLANG_WARN_ENUM_CONVERSION = YES;
				CLANG_WARN_INFINITE_RECURSION = YES;
				CLANG_WARN_INT_CONVERSION = YES;
				CLANG_WARN_NON_LITERAL_NULL_CONVERSION = YES;
				CLANG_WARN_OBJC_IMPLICIT_RETAIN_SELF = YES;
				CLANG_WARN_OBJC_LITERAL_CONVERSION = YES;
				CLANG_WARN_OBJC_ROOT_CLASS = YES_ERROR;
				CLANG_WARN_RANGE_LOOP_ANALYSIS = YES;
				CLANG_WARN_STRICT_PROTOTYPES = YES;
				CLANG_WARN_SUSPICIOUS_MOVE = YES;
				CLANG_WARN_UNGUARDED_AVAILABILITY = YES_AGGRESSIVE;
				CLANG_WARN_UNREACHABLE_CODE = YES;
				CLANG_WARN__DUPLICATE_METHOD_MATCH = YES;
				COPY_PHASE_STRIP = NO;
				DEBUG_INFORMATION_FORMAT = "dwarf-with-dsym";
				ENABLE_NS_ASSERTIONS = NO;
				ENABLE_STRICT_OBJC_MSGSEND = YES;
				GCC_C_LANGUAGE_STANDARD = gnu11;
				GCC_NO_COMMON_BLOCKS = YES;
				GCC_WARN_64_TO_32_BIT_CONVERSION = YES;
				GCC_WARN_ABOUT_RETURN_TYPE = YES_ERROR;
				GCC_WARN_UNDECLARED_SELECTOR = YES;
				GCC_WARN_UNINITIALIZED_AUTOS = YES_AGGRESSIVE;
				GCC_WARN_UNUSED_FUNCTION = YES;
				GCC_WARN_UNUSED_VARIABLE = YES;
				IPHONEOS_DEPLOYMENT_TARGET = 13.0;
				MTL_ENABLE_DEBUG_INFO = NO;
				MTL_FAST_MATH = YES;
				SDKROOT = iphoneos;
				SWIFT_COMPILATION_MODE = wholemodule;
				SWIFT_OPTIMIZATION_LEVEL = "-O";
				VALIDATE_PRODUCT = YES;
			};
			name = Release;
		};
		A21DB469235638F3006120FF /* Debug */ = {
			isa = XCBuildConfiguration;
			buildSettings = {
				ASSETCATALOG_COMPILER_APPICON_NAME = AppIcon;
				CODE_SIGN_STYLE = Automatic;
				INFOPLIST_FILE = GameAppQuestionMark/Info.plist;
				LD_RUNPATH_SEARCH_PATHS = (
					"$(inherited)",
					"@executable_path/Frameworks",
				);
				PRODUCT_BUNDLE_IDENTIFIER = com.shillwil.GameAppQuestionMark;
				PRODUCT_NAME = "$(TARGET_NAME)";
				SWIFT_VERSION = 5.0;
				TARGETED_DEVICE_FAMILY = "1,2";
			};
			name = Debug;
		};
		A21DB46A235638F3006120FF /* Release */ = {
			isa = XCBuildConfiguration;
			buildSettings = {
				ASSETCATALOG_COMPILER_APPICON_NAME = AppIcon;
				CODE_SIGN_STYLE = Automatic;
				INFOPLIST_FILE = GameAppQuestionMark/Info.plist;
				LD_RUNPATH_SEARCH_PATHS = (
					"$(inherited)",
					"@executable_path/Frameworks",
				);
				PRODUCT_BUNDLE_IDENTIFIER = com.shillwil.GameAppQuestionMark;
				PRODUCT_NAME = "$(TARGET_NAME)";
				SWIFT_VERSION = 5.0;
				TARGETED_DEVICE_FAMILY = "1,2";
			};
			name = Release;
		};
		A21DB46C235638F3006120FF /* Debug */ = {
			isa = XCBuildConfiguration;
			buildSettings = {
				ALWAYS_EMBED_SWIFT_STANDARD_LIBRARIES = YES;
				BUNDLE_LOADER = "$(TEST_HOST)";
				CODE_SIGN_STYLE = Automatic;
				INFOPLIST_FILE = GameAppQuestionMarkTests/Info.plist;
				IPHONEOS_DEPLOYMENT_TARGET = 13.0;
				LD_RUNPATH_SEARCH_PATHS = (
					"$(inherited)",
					"@executable_path/Frameworks",
					"@loader_path/Frameworks",
				);
				PRODUCT_BUNDLE_IDENTIFIER = com.shillwil.GameAppQuestionMarkTests;
				PRODUCT_NAME = "$(TARGET_NAME)";
				SWIFT_VERSION = 5.0;
				TARGETED_DEVICE_FAMILY = "1,2";
				TEST_HOST = "$(BUILT_PRODUCTS_DIR)/GameAppQuestionMark.app/GameAppQuestionMark";
			};
			name = Debug;
		};
		A21DB46D235638F3006120FF /* Release */ = {
			isa = XCBuildConfiguration;
			buildSettings = {
				ALWAYS_EMBED_SWIFT_STANDARD_LIBRARIES = YES;
				BUNDLE_LOADER = "$(TEST_HOST)";
				CODE_SIGN_STYLE = Automatic;
				INFOPLIST_FILE = GameAppQuestionMarkTests/Info.plist;
				IPHONEOS_DEPLOYMENT_TARGET = 13.0;
				LD_RUNPATH_SEARCH_PATHS = (
					"$(inherited)",
					"@executable_path/Frameworks",
					"@loader_path/Frameworks",
				);
				PRODUCT_BUNDLE_IDENTIFIER = com.shillwil.GameAppQuestionMarkTests;
				PRODUCT_NAME = "$(TARGET_NAME)";
				SWIFT_VERSION = 5.0;
				TARGETED_DEVICE_FAMILY = "1,2";
				TEST_HOST = "$(BUILT_PRODUCTS_DIR)/GameAppQuestionMark.app/GameAppQuestionMark";
			};
			name = Release;
		};
		A21DB46F235638F3006120FF /* Debug */ = {
			isa = XCBuildConfiguration;
			buildSettings = {
				ALWAYS_EMBED_SWIFT_STANDARD_LIBRARIES = YES;
				CODE_SIGN_STYLE = Automatic;
				INFOPLIST_FILE = GameAppQuestionMarkUITests/Info.plist;
				LD_RUNPATH_SEARCH_PATHS = (
					"$(inherited)",
					"@executable_path/Frameworks",
					"@loader_path/Frameworks",
				);
				PRODUCT_BUNDLE_IDENTIFIER = com.shillwil.GameAppQuestionMarkUITests;
				PRODUCT_NAME = "$(TARGET_NAME)";
				SWIFT_VERSION = 5.0;
				TARGETED_DEVICE_FAMILY = "1,2";
				TEST_TARGET_NAME = GameAppQuestionMark;
			};
			name = Debug;
		};
		A21DB470235638F3006120FF /* Release */ = {
			isa = XCBuildConfiguration;
			buildSettings = {
				ALWAYS_EMBED_SWIFT_STANDARD_LIBRARIES = YES;
				CODE_SIGN_STYLE = Automatic;
				INFOPLIST_FILE = GameAppQuestionMarkUITests/Info.plist;
				LD_RUNPATH_SEARCH_PATHS = (
					"$(inherited)",
					"@executable_path/Frameworks",
					"@loader_path/Frameworks",
				);
				PRODUCT_BUNDLE_IDENTIFIER = com.shillwil.GameAppQuestionMarkUITests;
				PRODUCT_NAME = "$(TARGET_NAME)";
				SWIFT_VERSION = 5.0;
				TARGETED_DEVICE_FAMILY = "1,2";
				TEST_TARGET_NAME = GameAppQuestionMark;
			};
			name = Release;
		};
/* End XCBuildConfiguration section */

/* Begin XCConfigurationList section */
		A21DB439235638F0006120FF /* Build configuration list for PBXProject "GameAppQuestionMark" */ = {
			isa = XCConfigurationList;
			buildConfigurations = (
				A21DB466235638F3006120FF /* Debug */,
				A21DB467235638F3006120FF /* Release */,
			);
			defaultConfigurationIsVisible = 0;
			defaultConfigurationName = Release;
		};
		A21DB468235638F3006120FF /* Build configuration list for PBXNativeTarget "GameAppQuestionMark" */ = {
			isa = XCConfigurationList;
			buildConfigurations = (
				A21DB469235638F3006120FF /* Debug */,
				A21DB46A235638F3006120FF /* Release */,
			);
			defaultConfigurationIsVisible = 0;
			defaultConfigurationName = Release;
		};
		A21DB46B235638F3006120FF /* Build configuration list for PBXNativeTarget "GameAppQuestionMarkTests" */ = {
			isa = XCConfigurationList;
			buildConfigurations = (
				A21DB46C235638F3006120FF /* Debug */,
				A21DB46D235638F3006120FF /* Release */,
			);
			defaultConfigurationIsVisible = 0;
			defaultConfigurationName = Release;
		};
		A21DB46E235638F3006120FF /* Build configuration list for PBXNativeTarget "GameAppQuestionMarkUITests" */ = {
			isa = XCConfigurationList;
			buildConfigurations = (
				A21DB46F235638F3006120FF /* Debug */,
				A21DB470235638F3006120FF /* Release */,
			);
			defaultConfigurationIsVisible = 0;
			defaultConfigurationName = Release;
		};
/* End XCConfigurationList section */
	};
	rootObject = A21DB436235638F0006120FF /* Project object */;
}
